// !$*UTF8*$!
{
	archiveVersion = 1;
	classes = {
	};
	objectVersion = 77;
	objects = {

/* Begin PBXContainerItemProxy section */
		6B19EE022DB1F37C00DCDCED /* PBXContainerItemProxy */ = {
			isa = PBXContainerItemProxy;
			containerPortal = 6B19EDEC2DB1F37B00DCDCED /* Project object */;
			proxyType = 1;
			remoteGlobalIDString = 6B19EDF32DB1F37B00DCDCED;
			remoteInfo = HoppsTestScene;
		};
		6B19EE0C2DB1F37C00DCDCED /* PBXContainerItemProxy */ = {
			isa = PBXContainerItemProxy;
			containerPortal = 6B19EDEC2DB1F37B00DCDCED /* Project object */;
			proxyType = 1;
			remoteGlobalIDString = 6B19EDF32DB1F37B00DCDCED;
			remoteInfo = HoppsTestScene;
		};
/* End PBXContainerItemProxy section */

/* Begin PBXFileReference section */
		47C61CF22DE0F1DE00E05C8C /* Hopps.entitlements */ = {isa = PBXFileReference; lastKnownFileType = text.plist.entitlements; path = Hopps.entitlements; sourceTree = "<group>"; };
		6B19EDF42DB1F37B00DCDCED /* Hopps.app */ = {isa = PBXFileReference; explicitFileType = wrapper.application; includeInIndex = 0; path = Hopps.app; sourceTree = BUILT_PRODUCTS_DIR; };
		6B19EE012DB1F37C00DCDCED /* HoppsTests.xctest */ = {isa = PBXFileReference; explicitFileType = wrapper.cfbundle; includeInIndex = 0; path = HoppsTests.xctest; sourceTree = BUILT_PRODUCTS_DIR; };
		6B19EE0B2DB1F37C00DCDCED /* HoppsUITests.xctest */ = {isa = PBXFileReference; explicitFileType = wrapper.cfbundle; includeInIndex = 0; path = HoppsUITests.xctest; sourceTree = BUILT_PRODUCTS_DIR; };
/* End PBXFileReference section */

/* Begin PBXFileSystemSynchronizedBuildFileExceptionSet section */
		471D8BDA2DFA024200C4774E /* Exceptions for "Sources" folder in "HoppsTests" target */ = {
			isa = PBXFileSystemSynchronizedBuildFileExceptionSet;
			membershipExceptions = (
				Assets.xcassets,
			);
			target = 6B19EE002DB1F37C00DCDCED /* HoppsTests */;
		};
		471D8BDB2DFA024200C4774E /* Exceptions for "Sources" folder in "HoppsUITests" target */ = {
			isa = PBXFileSystemSynchronizedBuildFileExceptionSet;
			membershipExceptions = (
				Assets.xcassets,
			);
			target = 6B19EE0A2DB1F37C00DCDCED /* HoppsUITests */;
		};
		6BF180132DDE681D00389893 /* Exceptions for "Sources" folder in "Hopps" target */ = {
			isa = PBXFileSystemSynchronizedBuildFileExceptionSet;
			membershipExceptions = (
				Info.plist,
			);
			target = 6B19EDF32DB1F37B00DCDCED /* Hopps */;
		};
/* End PBXFileSystemSynchronizedBuildFileExceptionSet section */

/* Begin PBXFileSystemSynchronizedRootGroup section */
		6B19EE3E2DB30EF000DCDCED /* Sources */ = {
			isa = PBXFileSystemSynchronizedRootGroup;
			exceptions = (
				6BF180132DDE681D00389893 /* Exceptions for "Sources" folder in "Hopps" target */,
				471D8BDA2DFA024200C4774E /* Exceptions for "Sources" folder in "HoppsTests" target */,
				471D8BDB2DFA024200C4774E /* Exceptions for "Sources" folder in "HoppsUITests" target */,
			);
			path = Sources;
			sourceTree = "<group>";
		};
/* End PBXFileSystemSynchronizedRootGroup section */

/* Begin PBXFrameworksBuildPhase section */
		6B19EDF12DB1F37B00DCDCED /* Frameworks */ = {
			isa = PBXFrameworksBuildPhase;
			buildActionMask = 2147483647;
			files = (
			);
			runOnlyForDeploymentPostprocessing = 0;
		};
		6B19EDFE2DB1F37C00DCDCED /* Frameworks */ = {
			isa = PBXFrameworksBuildPhase;
			buildActionMask = 2147483647;
			files = (
			);
			runOnlyForDeploymentPostprocessing = 0;
		};
		6B19EE082DB1F37C00DCDCED /* Frameworks */ = {
			isa = PBXFrameworksBuildPhase;
			buildActionMask = 2147483647;
			files = (
			);
			runOnlyForDeploymentPostprocessing = 0;
		};
/* End PBXFrameworksBuildPhase section */

/* Begin PBXGroup section */
		6B19EDEB2DB1F37B00DCDCED = {
			isa = PBXGroup;
			children = (
				47C61CF22DE0F1DE00E05C8C /* Hopps.entitlements */,
				6B19EE3E2DB30EF000DCDCED /* Sources */,
				6B19EDF52DB1F37B00DCDCED /* Products */,
			);
			sourceTree = "<group>";
		};
		6B19EDF52DB1F37B00DCDCED /* Products */ = {
			isa = PBXGroup;
			children = (
				6B19EDF42DB1F37B00DCDCED /* Hopps.app */,
				6B19EE012DB1F37C00DCDCED /* HoppsTests.xctest */,
				6B19EE0B2DB1F37C00DCDCED /* HoppsUITests.xctest */,
			);
			name = Products;
			sourceTree = "<group>";
		};
/* End PBXGroup section */

/* Begin PBXNativeTarget section */
		6B19EDF32DB1F37B00DCDCED /* Hopps */ = {
			isa = PBXNativeTarget;
			buildConfigurationList = 6B19EE152DB1F37C00DCDCED /* Build configuration list for PBXNativeTarget "Hopps" */;
			buildPhases = (
				6B19EDF02DB1F37B00DCDCED /* Sources */,
				6B19EDF12DB1F37B00DCDCED /* Frameworks */,
				6B19EDF22DB1F37B00DCDCED /* Resources */,
			);
			buildRules = (
			);
			dependencies = (
			);
			fileSystemSynchronizedGroups = (
				6B19EE3E2DB30EF000DCDCED /* Sources */,
			);
			name = Hopps;
			packageProductDependencies = (
			);
			productName = HoppsTestScene;
			productReference = 6B19EDF42DB1F37B00DCDCED /* Hopps.app */;
			productType = "com.apple.product-type.application";
		};
		6B19EE002DB1F37C00DCDCED /* HoppsTests */ = {
			isa = PBXNativeTarget;
			buildConfigurationList = 6B19EE182DB1F37C00DCDCED /* Build configuration list for PBXNativeTarget "HoppsTests" */;
			buildPhases = (
				6B19EDFD2DB1F37C00DCDCED /* Sources */,
				6B19EDFE2DB1F37C00DCDCED /* Frameworks */,
				6B19EDFF2DB1F37C00DCDCED /* Resources */,
			);
			buildRules = (
			);
			dependencies = (
				6B19EE032DB1F37C00DCDCED /* PBXTargetDependency */,
			);
			name = HoppsTests;
			packageProductDependencies = (
			);
			productName = HoppsTestSceneTests;
			productReference = 6B19EE012DB1F37C00DCDCED /* HoppsTests.xctest */;
			productType = "com.apple.product-type.bundle.unit-test";
		};
		6B19EE0A2DB1F37C00DCDCED /* HoppsUITests */ = {
			isa = PBXNativeTarget;
			buildConfigurationList = 6B19EE1B2DB1F37C00DCDCED /* Build configuration list for PBXNativeTarget "HoppsUITests" */;
			buildPhases = (
				6B19EE072DB1F37C00DCDCED /* Sources */,
				6B19EE082DB1F37C00DCDCED /* Frameworks */,
				6B19EE092DB1F37C00DCDCED /* Resources */,
			);
			buildRules = (
			);
			dependencies = (
				6B19EE0D2DB1F37C00DCDCED /* PBXTargetDependency */,
			);
			name = HoppsUITests;
			packageProductDependencies = (
			);
			productName = HoppsTestSceneUITests;
			productReference = 6B19EE0B2DB1F37C00DCDCED /* HoppsUITests.xctest */;
			productType = "com.apple.product-type.bundle.ui-testing";
		};
/* End PBXNativeTarget section */

/* Begin PBXProject section */
		6B19EDEC2DB1F37B00DCDCED /* Project object */ = {
			isa = PBXProject;
			attributes = {
				BuildIndependentTargetsInParallel = 1;
				LastSwiftUpdateCheck = 1630;
				LastUpgradeCheck = 1630;
				TargetAttributes = {
					6B19EDF32DB1F37B00DCDCED = {
						CreatedOnToolsVersion = 16.3;
					};
					6B19EE002DB1F37C00DCDCED = {
						CreatedOnToolsVersion = 16.3;
						TestTargetID = 6B19EDF32DB1F37B00DCDCED;
					};
					6B19EE0A2DB1F37C00DCDCED = {
						CreatedOnToolsVersion = 16.3;
						TestTargetID = 6B19EDF32DB1F37B00DCDCED;
					};
				};
			};
			buildConfigurationList = 6B19EDEF2DB1F37B00DCDCED /* Build configuration list for PBXProject "Hopps" */;
			developmentRegion = en;
			hasScannedForEncodings = 0;
			knownRegions = (
				en,
				Base,
			);
			mainGroup = 6B19EDEB2DB1F37B00DCDCED;
			minimizedProjectReferenceProxies = 1;
			preferredProjectObjectVersion = 77;
			productRefGroup = 6B19EDF52DB1F37B00DCDCED /* Products */;
			projectDirPath = "";
			projectRoot = "";
			targets = (
				6B19EDF32DB1F37B00DCDCED /* Hopps */,
				6B19EE002DB1F37C00DCDCED /* HoppsTests */,
				6B19EE0A2DB1F37C00DCDCED /* HoppsUITests */,
			);
		};
/* End PBXProject section */

/* Begin PBXResourcesBuildPhase section */
		6B19EDF22DB1F37B00DCDCED /* Resources */ = {
			isa = PBXResourcesBuildPhase;
			buildActionMask = 2147483647;
			files = (
			);
			runOnlyForDeploymentPostprocessing = 0;
		};
		6B19EDFF2DB1F37C00DCDCED /* Resources */ = {
			isa = PBXResourcesBuildPhase;
			buildActionMask = 2147483647;
			files = (
			);
			runOnlyForDeploymentPostprocessing = 0;
		};
		6B19EE092DB1F37C00DCDCED /* Resources */ = {
			isa = PBXResourcesBuildPhase;
			buildActionMask = 2147483647;
			files = (
			);
			runOnlyForDeploymentPostprocessing = 0;
		};
/* End PBXResourcesBuildPhase section */

/* Begin PBXSourcesBuildPhase section */
		6B19EDF02DB1F37B00DCDCED /* Sources */ = {
			isa = PBXSourcesBuildPhase;
			buildActionMask = 2147483647;
			files = (
			);
			runOnlyForDeploymentPostprocessing = 0;
		};
		6B19EDFD2DB1F37C00DCDCED /* Sources */ = {
			isa = PBXSourcesBuildPhase;
			buildActionMask = 2147483647;
			files = (
			);
			runOnlyForDeploymentPostprocessing = 0;
		};
		6B19EE072DB1F37C00DCDCED /* Sources */ = {
			isa = PBXSourcesBuildPhase;
			buildActionMask = 2147483647;
			files = (
			);
			runOnlyForDeploymentPostprocessing = 0;
		};
/* End PBXSourcesBuildPhase section */

/* Begin PBXTargetDependency section */
		6B19EE032DB1F37C00DCDCED /* PBXTargetDependency */ = {
			isa = PBXTargetDependency;
			target = 6B19EDF32DB1F37B00DCDCED /* Hopps */;
			targetProxy = 6B19EE022DB1F37C00DCDCED /* PBXContainerItemProxy */;
		};
		6B19EE0D2DB1F37C00DCDCED /* PBXTargetDependency */ = {
			isa = PBXTargetDependency;
			target = 6B19EDF32DB1F37B00DCDCED /* Hopps */;
			targetProxy = 6B19EE0C2DB1F37C00DCDCED /* PBXContainerItemProxy */;
		};
/* End PBXTargetDependency section */

/* Begin XCBuildConfiguration section */
		6B19EE132DB1F37C00DCDCED /* Debug */ = {
			isa = XCBuildConfiguration;
			buildSettings = {
				ALWAYS_SEARCH_USER_PATHS = NO;
				ASSETCATALOG_COMPILER_GENERATE_SWIFT_ASSET_SYMBOL_EXTENSIONS = YES;
				CLANG_ANALYZER_NONNULL = YES;
				CLANG_ANALYZER_NUMBER_OBJECT_CONVERSION = YES_AGGRESSIVE;
				CLANG_CXX_LANGUAGE_STANDARD = "gnu++20";
				CLANG_ENABLE_MODULES = YES;
				CLANG_ENABLE_OBJC_ARC = YES;
				CLANG_ENABLE_OBJC_WEAK = YES;
				CLANG_WARN_BLOCK_CAPTURE_AUTORELEASING = YES;
				CLANG_WARN_BOOL_CONVERSION = YES;
				CLANG_WARN_COMMA = YES;
				CLANG_WARN_CONSTANT_CONVERSION = YES;
				CLANG_WARN_DEPRECATED_OBJC_IMPLEMENTATIONS = YES;
				CLANG_WARN_DIRECT_OBJC_ISA_USAGE = YES_ERROR;
				CLANG_WARN_DOCUMENTATION_COMMENTS = YES;
				CLANG_WARN_EMPTY_BODY = YES;
				CLANG_WARN_ENUM_CONVERSION = YES;
				CLANG_WARN_INFINITE_RECURSION = YES;
				CLANG_WARN_INT_CONVERSION = YES;
				CLANG_WARN_NON_LITERAL_NULL_CONVERSION = YES;
				CLANG_WARN_OBJC_IMPLICIT_RETAIN_SELF = YES;
				CLANG_WARN_OBJC_LITERAL_CONVERSION = YES;
				CLANG_WARN_OBJC_ROOT_CLASS = YES_ERROR;
				CLANG_WARN_QUOTED_INCLUDE_IN_FRAMEWORK_HEADER = YES;
				CLANG_WARN_RANGE_LOOP_ANALYSIS = YES;
				CLANG_WARN_STRICT_PROTOTYPES = YES;
				CLANG_WARN_SUSPICIOUS_MOVE = YES;
				CLANG_WARN_UNGUARDED_AVAILABILITY = YES_AGGRESSIVE;
				CLANG_WARN_UNREACHABLE_CODE = YES;
				CLANG_WARN__DUPLICATE_METHOD_MATCH = YES;
				COPY_PHASE_STRIP = NO;
				DEBUG_INFORMATION_FORMAT = dwarf;
				ENABLE_STRICT_OBJC_MSGSEND = YES;
				ENABLE_TESTABILITY = YES;
				ENABLE_USER_SCRIPT_SANDBOXING = YES;
				GCC_C_LANGUAGE_STANDARD = gnu17;
				GCC_DYNAMIC_NO_PIC = NO;
				GCC_NO_COMMON_BLOCKS = YES;
				GCC_OPTIMIZATION_LEVEL = 0;
				GCC_PREPROCESSOR_DEFINITIONS = (
					"DEBUG=1",
					"$(inherited)",
				);
				GCC_WARN_64_TO_32_BIT_CONVERSION = YES;
				GCC_WARN_ABOUT_RETURN_TYPE = YES_ERROR;
				GCC_WARN_UNDECLARED_SELECTOR = YES;
				GCC_WARN_UNINITIALIZED_AUTOS = YES_AGGRESSIVE;
				GCC_WARN_UNUSED_FUNCTION = YES;
				GCC_WARN_UNUSED_VARIABLE = YES;
				IPHONEOS_DEPLOYMENT_TARGET = 18.4;
				LOCALIZATION_PREFERS_STRING_CATALOGS = YES;
				MTL_ENABLE_DEBUG_INFO = INCLUDE_SOURCE;
				MTL_FAST_MATH = YES;
				ONLY_ACTIVE_ARCH = YES;
				SDKROOT = iphoneos;
				SWIFT_ACTIVE_COMPILATION_CONDITIONS = "DEBUG $(inherited)";
				SWIFT_OPTIMIZATION_LEVEL = "-Onone";
			};
			name = Debug;
		};
		6B19EE142DB1F37C00DCDCED /* Release */ = {
			isa = XCBuildConfiguration;
			buildSettings = {
				ALWAYS_SEARCH_USER_PATHS = NO;
				ASSETCATALOG_COMPILER_GENERATE_SWIFT_ASSET_SYMBOL_EXTENSIONS = YES;
				CLANG_ANALYZER_NONNULL = YES;
				CLANG_ANALYZER_NUMBER_OBJECT_CONVERSION = YES_AGGRESSIVE;
				CLANG_CXX_LANGUAGE_STANDARD = "gnu++20";
				CLANG_ENABLE_MODULES = YES;
				CLANG_ENABLE_OBJC_ARC = YES;
				CLANG_ENABLE_OBJC_WEAK = YES;
				CLANG_WARN_BLOCK_CAPTURE_AUTORELEASING = YES;
				CLANG_WARN_BOOL_CONVERSION = YES;
				CLANG_WARN_COMMA = YES;
				CLANG_WARN_CONSTANT_CONVERSION = YES;
				CLANG_WARN_DEPRECATED_OBJC_IMPLEMENTATIONS = YES;
				CLANG_WARN_DIRECT_OBJC_ISA_USAGE = YES_ERROR;
				CLANG_WARN_DOCUMENTATION_COMMENTS = YES;
				CLANG_WARN_EMPTY_BODY = YES;
				CLANG_WARN_ENUM_CONVERSION = YES;
				CLANG_WARN_INFINITE_RECURSION = YES;
				CLANG_WARN_INT_CONVERSION = YES;
				CLANG_WARN_NON_LITERAL_NULL_CONVERSION = YES;
				CLANG_WARN_OBJC_IMPLICIT_RETAIN_SELF = YES;
				CLANG_WARN_OBJC_LITERAL_CONVERSION = YES;
				CLANG_WARN_OBJC_ROOT_CLASS = YES_ERROR;
				CLANG_WARN_QUOTED_INCLUDE_IN_FRAMEWORK_HEADER = YES;
				CLANG_WARN_RANGE_LOOP_ANALYSIS = YES;
				CLANG_WARN_STRICT_PROTOTYPES = YES;
				CLANG_WARN_SUSPICIOUS_MOVE = YES;
				CLANG_WARN_UNGUARDED_AVAILABILITY = YES_AGGRESSIVE;
				CLANG_WARN_UNREACHABLE_CODE = YES;
				CLANG_WARN__DUPLICATE_METHOD_MATCH = YES;
				COPY_PHASE_STRIP = NO;
				DEBUG_INFORMATION_FORMAT = "dwarf-with-dsym";
				ENABLE_NS_ASSERTIONS = NO;
				ENABLE_STRICT_OBJC_MSGSEND = YES;
				ENABLE_USER_SCRIPT_SANDBOXING = YES;
				GCC_C_LANGUAGE_STANDARD = gnu17;
				GCC_NO_COMMON_BLOCKS = YES;
				GCC_WARN_64_TO_32_BIT_CONVERSION = YES;
				GCC_WARN_ABOUT_RETURN_TYPE = YES_ERROR;
				GCC_WARN_UNDECLARED_SELECTOR = YES;
				GCC_WARN_UNINITIALIZED_AUTOS = YES_AGGRESSIVE;
				GCC_WARN_UNUSED_FUNCTION = YES;
				GCC_WARN_UNUSED_VARIABLE = YES;
				IPHONEOS_DEPLOYMENT_TARGET = 18.4;
				LOCALIZATION_PREFERS_STRING_CATALOGS = YES;
				MTL_ENABLE_DEBUG_INFO = NO;
				MTL_FAST_MATH = YES;
				SDKROOT = iphoneos;
				SWIFT_COMPILATION_MODE = wholemodule;
				VALIDATE_PRODUCT = YES;
			};
			name = Release;
		};
		6B19EE162DB1F37C00DCDCED /* Debug */ = {
			isa = XCBuildConfiguration;
			buildSettings = {
				ASSETCATALOG_COMPILER_APPICON_NAME = AppIcon;
				ASSETCATALOG_COMPILER_GLOBAL_ACCENT_COLOR_NAME = AccentColor;
				CODE_SIGN_ENTITLEMENTS = Hopps.entitlements;
				CODE_SIGN_STYLE = Automatic;
				CURRENT_PROJECT_VERSION = 1;
				DEVELOPMENT_TEAM = 59CSPCLHJS;
				ENABLE_PREVIEWS = YES;
				GENERATE_INFOPLIST_FILE = YES;
				INFOPLIST_FILE = Sources/Info.plist;
				INFOPLIST_KEY_CFBundleDisplayName = Hopps;
				INFOPLIST_KEY_UIApplicationSceneManifest_Generation = YES;
				INFOPLIST_KEY_UIApplicationSupportsIndirectInputEvents = YES;
				INFOPLIST_KEY_UILaunchScreen_Generation = YES;
				INFOPLIST_KEY_UISupportedInterfaceOrientations = UIInterfaceOrientationPortrait;
				INFOPLIST_KEY_UISupportedInterfaceOrientations_iPad = "UIInterfaceOrientationLandscapeLeft UIInterfaceOrientationLandscapeRight UIInterfaceOrientationPortrait UIInterfaceOrientationPortraitUpsideDown";
				LD_RUNPATH_SEARCH_PATHS = (
					"$(inherited)",
					"@executable_path/Frameworks",
				);
				MARKETING_VERSION = 1.0;
				PRODUCT_BUNDLE_IDENTIFIER = com.rayaan.ismail.HoppsTestScene;
				PRODUCT_NAME = "$(TARGET_NAME)";
				SUPPORTED_PLATFORMS = "iphoneos iphonesimulator";
				SUPPORTS_MACCATALYST = NO;
				SUPPORTS_MAC_DESIGNED_FOR_IPHONE_IPAD = NO;
				SUPPORTS_XR_DESIGNED_FOR_IPHONE_IPAD = NO;
				SWIFT_EMIT_LOC_STRINGS = YES;
				SWIFT_VERSION = 5.0;
				TARGETED_DEVICE_FAMILY = 1;
			};
			name = Debug;
		};
		6B19EE172DB1F37C00DCDCED /* Release */ = {
			isa = XCBuildConfiguration;
			buildSettings = {
				ASSETCATALOG_COMPILER_APPICON_NAME = AppIcon;
				ASSETCATALOG_COMPILER_GLOBAL_ACCENT_COLOR_NAME = AccentColor;
				CODE_SIGN_ENTITLEMENTS = Hopps.entitlements;
				CODE_SIGN_STYLE = Automatic;
				CURRENT_PROJECT_VERSION = 1;
				DEVELOPMENT_TEAM = 59CSPCLHJS;
				ENABLE_PREVIEWS = YES;
				GENERATE_INFOPLIST_FILE = YES;
				INFOPLIST_FILE = Sources/Info.plist;
				INFOPLIST_KEY_CFBundleDisplayName = Hopps;
				INFOPLIST_KEY_UIApplicationSceneManifest_Generation = YES;
				INFOPLIST_KEY_UIApplicationSupportsIndirectInputEvents = YES;
				INFOPLIST_KEY_UILaunchScreen_Generation = YES;
				INFOPLIST_KEY_UISupportedInterfaceOrientations = UIInterfaceOrientationPortrait;
				INFOPLIST_KEY_UISupportedInterfaceOrientations_iPad = "UIInterfaceOrientationLandscapeLeft UIInterfaceOrientationLandscapeRight UIInterfaceOrientationPortrait UIInterfaceOrientationPortraitUpsideDown";
				LD_RUNPATH_SEARCH_PATHS = (
					"$(inherited)",
					"@executable_path/Frameworks",
				);
				MARKETING_VERSION = 1.0;
				PRODUCT_BUNDLE_IDENTIFIER = com.rayaan.ismail.HoppsTestScene;
				PRODUCT_NAME = "$(TARGET_NAME)";
				SUPPORTED_PLATFORMS = "iphoneos iphonesimulator";
				SUPPORTS_MACCATALYST = NO;
				SUPPORTS_MAC_DESIGNED_FOR_IPHONE_IPAD = NO;
				SUPPORTS_XR_DESIGNED_FOR_IPHONE_IPAD = NO;
				SWIFT_EMIT_LOC_STRINGS = YES;
				SWIFT_VERSION = 5.0;
				TARGETED_DEVICE_FAMILY = 1;
			};
			name = Release;
		};
		6B19EE192DB1F37C00DCDCED /* Debug */ = {
			isa = XCBuildConfiguration;
			buildSettings = {
				BUNDLE_LOADER = "$(TEST_HOST)";
				CODE_SIGN_STYLE = Automatic;
				CURRENT_PROJECT_VERSION = 1;
				GENERATE_INFOPLIST_FILE = YES;
				IPHONEOS_DEPLOYMENT_TARGET = 18.4;
				MARKETING_VERSION = 1.0;
				PRODUCT_BUNDLE_IDENTIFIER = com.rayaan.ismail.HoppsTestSceneTests;
				PRODUCT_NAME = "$(TARGET_NAME)";
				SWIFT_EMIT_LOC_STRINGS = NO;
				SWIFT_VERSION = 5.0;
				TARGETED_DEVICE_FAMILY = "1,2";
				TEST_HOST = "$(BUILT_PRODUCTS_DIR)/Hopps.app/$(BUNDLE_EXECUTABLE_FOLDER_PATH)/Hopps";
			};
			name = Debug;
		};
		6B19EE1A2DB1F37C00DCDCED /* Release */ = {
			isa = XCBuildConfiguration;
			buildSettings = {
				BUNDLE_LOADER = "$(TEST_HOST)";
				CODE_SIGN_STYLE = Automatic;
				CURRENT_PROJECT_VERSION = 1;
				GENERATE_INFOPLIST_FILE = YES;
				IPHONEOS_DEPLOYMENT_TARGET = 18.4;
				MARKETING_VERSION = 1.0;
				PRODUCT_BUNDLE_IDENTIFIER = com.rayaan.ismail.HoppsTestSceneTests;
				PRODUCT_NAME = "$(TARGET_NAME)";
				SWIFT_EMIT_LOC_STRINGS = NO;
				SWIFT_VERSION = 5.0;
				TARGETED_DEVICE_FAMILY = "1,2";
				TEST_HOST = "$(BUILT_PRODUCTS_DIR)/Hopps.app/$(BUNDLE_EXECUTABLE_FOLDER_PATH)/Hopps";
			};
			name = Release;
		};
		6B19EE1C2DB1F37C00DCDCED /* Debug */ = {
			isa = XCBuildConfiguration;
			buildSettings = {
				CODE_SIGN_STYLE = Automatic;
				CURRENT_PROJECT_VERSION = 1;
				GENERATE_INFOPLIST_FILE = YES;
				MARKETING_VERSION = 1.0;
				PRODUCT_BUNDLE_IDENTIFIER = com.rayaan.ismail.HoppsTestSceneUITests;
				PRODUCT_NAME = "$(TARGET_NAME)";
				SWIFT_EMIT_LOC_STRINGS = NO;
				SWIFT_VERSION = 5.0;
				TARGETED_DEVICE_FAMILY = "1,2";
				TEST_TARGET_NAME = HoppsTestScene;
			};
			name = Debug;
		};
		6B19EE1D2DB1F37C00DCDCED /* Release */ = {
			isa = XCBuildConfiguration;
			buildSettings = {
				CODE_SIGN_STYLE = Automatic;
				CURRENT_PROJECT_VERSION = 1;
				GENERATE_INFOPLIST_FILE = YES;
				MARKETING_VERSION = 1.0;
				PRODUCT_BUNDLE_IDENTIFIER = com.rayaan.ismail.HoppsTestSceneUITests;
				PRODUCT_NAME = "$(TARGET_NAME)";
				SWIFT_EMIT_LOC_STRINGS = NO;
				SWIFT_VERSION = 5.0;
				TARGETED_DEVICE_FAMILY = "1,2";
				TEST_TARGET_NAME = HoppsTestScene;
			};
			name = Release;
		};
/* End XCBuildConfiguration section */

/* Begin XCConfigurationList section */
		6B19EDEF2DB1F37B00DCDCED /* Build configuration list for PBXProject "Hopps" */ = {
			isa = XCConfigurationList;
			buildConfigurations = (
				6B19EE132DB1F37C00DCDCED /* Debug */,
				6B19EE142DB1F37C00DCDCED /* Release */,
			);
			defaultConfigurationIsVisible = 0;
			defaultConfigurationName = Release;
		};
		6B19EE152DB1F37C00DCDCED /* Build configuration list for PBXNativeTarget "Hopps" */ = {
			isa = XCConfigurationList;
			buildConfigurations = (
				6B19EE162DB1F37C00DCDCED /* Debug */,
				6B19EE172DB1F37C00DCDCED /* Release */,
			);
			defaultConfigurationIsVisible = 0;
			defaultConfigurationName = Release;
		};
		6B19EE182DB1F37C00DCDCED /* Build configuration list for PBXNativeTarget "HoppsTests" */ = {
			isa = XCConfigurationList;
			buildConfigurations = (
				6B19EE192DB1F37C00DCDCED /* Debug */,
				6B19EE1A2DB1F37C00DCDCED /* Release */,
			);
			defaultConfigurationIsVisible = 0;
			defaultConfigurationName = Release;
		};
		6B19EE1B2DB1F37C00DCDCED /* Build configuration list for PBXNativeTarget "HoppsUITests" */ = {
			isa = XCConfigurationList;
			buildConfigurations = (
				6B19EE1C2DB1F37C00DCDCED /* Debug */,
				6B19EE1D2DB1F37C00DCDCED /* Release */,
			);
			defaultConfigurationIsVisible = 0;
			defaultConfigurationName = Release;
		};
/* End XCConfigurationList section */
	};
	rootObject = 6B19EDEC2DB1F37B00DCDCED /* Project object */;
}
